{
  "version": 4,
  "terraform_version": "1.5.7",
  "serial": 16,
  "lineage": "c196e04a-bf1d-860e-9553-53a905eb1982",
  "outputs": {},
  "resources": [
    {
      "mode": "managed",
      "type": "local_file",
      "name": "exemplo",
      "provider": "provider[\"registry.terraform.io/hashicorp/local\"]",
      "instances": [
        {
          "schema_version": 0,
          "attributes": {
            "content": "vindo do tf vars",
            "content_base64": null,
            "content_base64sha256": "EEHLWqZeKVXFStSvbR/d+IPW02VvJVS2BVHPCda2CUI=",
            "content_base64sha512": "bgkNl5KVGW+Q4vWhdHo784rJFSlGceTwy4SaHhS6RFrK3Q5bQ/5j+Ug/btE5D6GfrS8q28iYoruIS68GclO8mg==",
            "content_md5": "f4b61e862661d3b6538c7a4d0fe116dc",
            "content_sha1": "2980c6b1313be485fe779155f896782d92e60199",
            "content_sha256": "1041cb5aa65e2955c54ad4af6d1fddf883d6d3656f2554b60551cf09d6b60942",
            "content_sha512": "6e090d979295196f90e2f5a1747a3bf38ac915294671e4f0cb849a1e14ba445acadd0e5b43fe63f9483f6ed1390fa19fad2f2adbc898a2bb884baf067253bc9a",
            "directory_permission": "0777",
            "file_permission": "0777",
            "filename": "example.txt",
            "id": "2980c6b1313be485fe779155f896782d92e60199",
            "sensitive_content": null,
            "source": null
          },
          "sensitive_attributes": []
        }
      ]
    }
  ],
  "check_results": null
}
