{
  "version": 4,
  "terraform_version": "1.8.4",
  "serial": 88,
  "lineage": "2862e85b-8d26-0997-0a68-a705bd0c3a13",
  "outputs": {},
  "resources": [
    {
      "mode": "data",
      "type": "aws_availability_zones",
      "name": "available",
      "provider": "provider[\"registry.terraform.io/hashicorp/aws\"]",
      "instances": [
        {
          "schema_version": 0,
          "attributes": {
            "all_availability_zones": null,
            "exclude_names": null,
            "exclude_zone_ids": null,
            "filter": null,
            "group_names": [
              "us-east-1"
            ],
            "id": "us-east-1",
            "names": [
              "us-east-1a",
              "us-east-1b",
              "us-east-1c",
              "us-east-1d",
              "us-east-1e",
              "us-east-1f"
            ],
            "state": null,
            "timeouts": null,
            "zone_ids": [
              "use1-az1",
              "use1-az2",
              "use1-az4",
              "use1-az6",
              "use1-az3",
              "use1-az5"
            ]
          },
          "sensitive_attributes": []
        }
      ]
    },
    {
      "mode": "managed",
      "type": "aws_cloudwatch_log_group",
      "name": "log",
      "provider": "provider[\"registry.terraform.io/hashicorp/aws\"]",
      "instances": [
        {
          "schema_version": 0,
          "attributes": {
            "arn": "arn:aws:logs:us-east-1:292441378492:log-group:/aws/eks/maestro-clusterfc/cluster",
            "id": "/aws/eks/maestro-clusterfc/cluster",
            "kms_key_id": "",
            "log_group_class": "STANDARD",
            "name": "/aws/eks/maestro-clusterfc/cluster",
            "name_prefix": "",
            "retention_in_days": 30,
            "skip_destroy": false,
            "tags": {},
            "tags_all": {}
          },
          "sensitive_attributes": [],
          "private": "bnVsbA=="
        }
      ]
    },
    {
      "mode": "managed",
      "type": "aws_eks_cluster",
      "name": "cluster",
      "provider": "provider[\"registry.terraform.io/hashicorp/aws\"]",
      "instances": [
        {
          "schema_version": 0,
          "attributes": {
            "access_config": [
              {
                "authentication_mode": "CONFIG_MAP",
                "bootstrap_cluster_creator_admin_permissions": false
              }
            ],
            "arn": "arn:aws:eks:us-east-1:292441378492:cluster/maestro-clusterfc",
            "certificate_authority": [
              {
                "data": "LS0tLS1CRUdJTiBDRVJUSUZJQ0FURS0tLS0tCk1JSURCVENDQWUyZ0F3SUJBZ0lJSjVkejcrTDlkazR3RFFZSktvWklodmNOQVFFTEJRQXdGVEVUTUJFR0ExVUUKQXhNS2EzVmlaWEp1WlhSbGN6QWVGdzB5TkRBM01EVXdNalV4TURkYUZ3MHpOREEzTURNd01qVTJNRGRhTUJVeApFekFSQmdOVkJBTVRDbXQxWW1WeWJtVjBaWE13Z2dFaU1BMEdDU3FHU0liM0RRRUJBUVVBQTRJQkR3QXdnZ0VLCkFvSUJBUUROMDhJUW1BZ2llN2w0aEM2QW12ejZWQmdDM3V5NEJSOFdXMi9mdGdiT2trcVpRUTRFRW9QaXBzaFQKUkV1Q0NjaktwenpEdU82U05aeVJOOSs2WGRaeUlaVEhrSFVyVmVNQVJYeXhpSlE2QmtRbkhKa0Q2QnBtWGxkMwpOTGdKRDZPejVWSGQ4UHVtRWNlbXJTdEF3Y0dEYXluQ0ZQMWZONkJMRE5ZbXUxRVNqcy9lam5rTWFRL3RBVDEzClB1YmhxdnEzaGVvejdOcmRyNEYwdW1URitGUHpUcDRVbFNGdEsydkx3a1ovU28vWkdOd0Y5Y0puWDdkdzZPNGoKc1FtbDZmMGlqdmxNWEh4ZDZ5VGZHclcvWnEyZnZUbERYbWN5bUUxcThhMDQ4SHV6QUp1cHFxSStEK1hzcEZVOApGK0ZGZCtOZkp5cUVqUE95eHlIMVBhdmF0dzF0QWdNQkFBR2pXVEJYTUE0R0ExVWREd0VCL3dRRUF3SUNwREFQCkJnTlZIUk1CQWY4RUJUQURBUUgvTUIwR0ExVWREZ1FXQkJRZEEwZEkyczhaU3hNUVcvM2UvWFB3RW9sYnhEQVYKQmdOVkhSRUVEakFNZ2dwcmRXSmxjbTVsZEdWek1BMEdDU3FHU0liM0RRRUJDd1VBQTRJQkFRRE1paWhTS2xQWgpqRDFNU1h5UDRka0Facnl3UHdkckNwdk9ScjJyNGZKb0dBSDV2OFowbVZZSERhbzFqenVhVUJyTkE1VnQ0VE9wCnkxREtCRmFGaWhzck56a0F5UHNoTldBSVFFbkJaaHJDUEFVc3dINWhZRnVuR002Rzkza2xuOGUrWHBCQ1NRaSsKZzJVWWJXSURaUTBWR01ua1ZxWDdxTVU4Z0tIMXEvblNpa1R0dE1lU2hid2l5VXdnOG1USDBoM0JkWFpqbExvTgp1WllaOGY0NGdkL3pESVVsVXF2WFhuQldaNlBLR1lKVmx2dVZWQ2RYaCtnY0J4T2ZhS2g0VENKaVpmdUdPR3hJCnVlWXVFOTRhU3hxMlJ3RXJKY1p3SUpsd2JtRlNuRTFEVXZxMDdEV2tpYzN5UWQrZFlueFVqQ1cxeHpIWVNISWkKeHlrQmZVaW1QOUJNCi0tLS0tRU5EIENFUlRJRklDQVRFLS0tLS0K"
              }
            ],
            "cluster_id": null,
            "created_at": "2024-07-05 02:51:10.018 +0000 UTC",
            "enabled_cluster_log_types": [
              "api",
              "audit"
            ],
            "encryption_config": [],
            "endpoint": "https://B8FC6F03CAD05D9C77B3135006DB34F0.gr7.us-east-1.eks.amazonaws.com",
            "id": "maestro-clusterfc",
            "identity": [
              {
                "oidc": [
                  {
                    "issuer": "https://oidc.eks.us-east-1.amazonaws.com/id/B8FC6F03CAD05D9C77B3135006DB34F0"
                  }
                ]
              }
            ],
            "kubernetes_network_config": [
              {
                "ip_family": "ipv4",
                "service_ipv4_cidr": "172.20.0.0/16",
                "service_ipv6_cidr": ""
              }
            ],
            "name": "maestro-clusterfc",
            "outpost_config": [],
            "platform_version": "eks.4",
            "role_arn": "arn:aws:iam::292441378492:role/maestro-clusterfc-role",
            "status": "ACTIVE",
            "tags": {},
            "tags_all": {},
            "timeouts": null,
            "version": "1.30",
            "vpc_config": [
              {
                "cluster_security_group_id": "sg-03b93dbd0a6dcb6e7",
                "endpoint_private_access": false,
                "endpoint_public_access": true,
                "public_access_cidrs": [
                  "0.0.0.0/0"
                ],
                "security_group_ids": [
                  "sg-002d0682b971077e0"
                ],
                "subnet_ids": [
                  "subnet-0366020c4f3c7f1c0",
                  "subnet-0ae0dbc1c59cd8ced"
                ],
                "vpc_id": "vpc-0248a64d1e625b150"
              }
            ]
          },
          "sensitive_attributes": [],
          "private": "eyJlMmJmYjczMC1lY2FhLTExZTYtOGY4OC0zNDM2M2JjN2M0YzAiOnsiY3JlYXRlIjoxODAwMDAwMDAwMDAwLCJkZWxldGUiOjkwMDAwMDAwMDAwMCwidXBkYXRlIjozNjAwMDAwMDAwMDAwfX0=",
          "dependencies": [
            "aws_cloudwatch_log_group.log",
            "aws_iam_role.cluster",
            "aws_iam_role_policy_attachment.cluster-AmazonEKSClusterPolicy",
            "aws_iam_role_policy_attachment.cluster-AmazonEKSVPCResourceController",
            "aws_security_group.sg",
            "aws_subnet.subnets",
            "aws_vpc.new-vpc",
            "data.aws_availability_zones.available"
          ]
        }
      ]
    },
    {
      "mode": "managed",
      "type": "aws_eks_node_group",
      "name": "node_group",
      "provider": "provider[\"registry.terraform.io/hashicorp/aws\"]",
      "instances": [
        {
          "schema_version": 0,
          "attributes": {
            "ami_type": "AL2023_x86_64_STANDARD",
            "arn": "arn:aws:eks:us-east-1:292441378492:nodegroup/maestro-clusterfc/maestro-clusterfc-ng/eec8406a-b618-40f8-cd93-5a231edf71ae",
            "capacity_type": "ON_DEMAND",
            "cluster_name": "maestro-clusterfc",
            "disk_size": 20,
            "force_update_version": null,
            "id": "maestro-clusterfc:maestro-clusterfc-ng",
            "instance_types": [
              "t3.medium"
            ],
            "labels": {},
            "launch_template": [],
            "node_group_name": "maestro-clusterfc-ng",
            "node_group_name_prefix": "",
            "node_role_arn": "arn:aws:iam::292441378492:role/maestro-clusterfc-node-role",
            "release_version": "1.30.0-20240625",
            "remote_access": [],
            "resources": [
              {
                "autoscaling_groups": [
                  {
                    "name": "eks-maestro-clusterfc-ng-eec8406a-b618-40f8-cd93-5a231edf71ae"
                  }
                ],
                "remote_access_security_group_id": ""
              }
            ],
            "scaling_config": [
              {
                "desired_size": 2,
                "max_size": 4,
                "min_size": 2
              }
            ],
            "status": "ACTIVE",
            "subnet_ids": [
              "subnet-0366020c4f3c7f1c0",
              "subnet-0ae0dbc1c59cd8ced"
            ],
            "tags": {},
            "tags_all": {},
            "taint": [],
            "timeouts": null,
            "update_config": [
              {
                "max_unavailable": 1,
                "max_unavailable_percentage": 0
              }
            ],
            "version": "1.30"
          },
          "sensitive_attributes": [],
          "private": "eyJlMmJmYjczMC1lY2FhLTExZTYtOGY4OC0zNDM2M2JjN2M0YzAiOnsiY3JlYXRlIjozNjAwMDAwMDAwMDAwLCJkZWxldGUiOjM2MDAwMDAwMDAwMDAsInVwZGF0ZSI6MzYwMDAwMDAwMDAwMH19",
          "dependencies": [
            "aws_cloudwatch_log_group.log",
            "aws_eks_cluster.cluster",
            "aws_iam_role.cluster",
            "aws_iam_role.node",
            "aws_iam_role_policy_attachment.cluster-AmazonEKSClusterPolicy",
            "aws_iam_role_policy_attachment.cluster-AmazonEKSVPCResourceController",
            "aws_iam_role_policy_attachment.node-AmazonEC2ContainerRegistryReadOnly",
            "aws_iam_role_policy_attachment.node-AmazonEKSWorkerNodePolicy",
            "aws_iam_role_policy_attachment.node-AmazonEKS_CNI_Policy",
            "aws_security_group.sg",
            "aws_subnet.subnets",
            "aws_vpc.new-vpc",
            "data.aws_availability_zones.available"
          ]
        }
      ]
    },
    {
      "mode": "managed",
      "type": "aws_eks_node_group",
      "name": "node_group-2",
      "provider": "provider[\"registry.terraform.io/hashicorp/aws\"]",
      "instances": [
        {
          "schema_version": 0,
          "attributes": {
            "ami_type": "AL2023_x86_64_STANDARD",
            "arn": "arn:aws:eks:us-east-1:292441378492:nodegroup/maestro-clusterfc/maestro-clusterfc-ng-2/92c8406a-b611-20db-74cd-fc3e1fcd01a1",
            "capacity_type": "ON_DEMAND",
            "cluster_name": "maestro-clusterfc",
            "disk_size": 20,
            "force_update_version": null,
            "id": "maestro-clusterfc:maestro-clusterfc-ng-2",
            "instance_types": [
              "t3.micro"
            ],
            "labels": {},
            "launch_template": [],
            "node_group_name": "maestro-clusterfc-ng-2",
            "node_group_name_prefix": "",
            "node_role_arn": "arn:aws:iam::292441378492:role/maestro-clusterfc-node-role",
            "release_version": "1.30.0-20240625",
            "remote_access": [],
            "resources": [
              {
                "autoscaling_groups": [
                  {
                    "name": "eks-maestro-clusterfc-ng-2-92c8406a-b611-20db-74cd-fc3e1fcd01a1"
                  }
                ],
                "remote_access_security_group_id": ""
              }
            ],
            "scaling_config": [
              {
                "desired_size": 2,
                "max_size": 4,
                "min_size": 2
              }
            ],
            "status": "ACTIVE",
            "subnet_ids": [
              "subnet-0366020c4f3c7f1c0",
              "subnet-0ae0dbc1c59cd8ced"
            ],
            "tags": {},
            "tags_all": {},
            "taint": [],
            "timeouts": null,
            "update_config": [
              {
                "max_unavailable": 1,
                "max_unavailable_percentage": 0
              }
            ],
            "version": "1.30"
          },
          "sensitive_attributes": [],
          "private": "eyJlMmJmYjczMC1lY2FhLTExZTYtOGY4OC0zNDM2M2JjN2M0YzAiOnsiY3JlYXRlIjozNjAwMDAwMDAwMDAwLCJkZWxldGUiOjM2MDAwMDAwMDAwMDAsInVwZGF0ZSI6MzYwMDAwMDAwMDAwMH19",
          "dependencies": [
            "aws_cloudwatch_log_group.log",
            "aws_eks_cluster.cluster",
            "aws_iam_role.cluster",
            "aws_iam_role.node",
            "aws_iam_role_policy_attachment.cluster-AmazonEKSClusterPolicy",
            "aws_iam_role_policy_attachment.cluster-AmazonEKSVPCResourceController",
            "aws_iam_role_policy_attachment.node-AmazonEC2ContainerRegistryReadOnly",
            "aws_iam_role_policy_attachment.node-AmazonEKSWorkerNodePolicy",
            "aws_iam_role_policy_attachment.node-AmazonEKS_CNI_Policy",
            "aws_security_group.sg",
            "aws_subnet.subnets",
            "aws_vpc.new-vpc",
            "data.aws_availability_zones.available"
          ]
        }
      ]
    },
    {
      "mode": "managed",
      "type": "aws_iam_role",
      "name": "cluster",
      "provider": "provider[\"registry.terraform.io/hashicorp/aws\"]",
      "instances": [
        {
          "schema_version": 0,
          "attributes": {
            "arn": "arn:aws:iam::292441378492:role/maestro-clusterfc-role",
            "assume_role_policy": "{\"Statement\":[{\"Action\":\"sts:AssumeRole\",\"Effect\":\"Allow\",\"Principal\":{\"Service\":\"eks.amazonaws.com\"}}],\"Version\":\"2012-10-17\"}",
            "create_date": "2024-05-21T22:35:05Z",
            "description": "",
            "force_detach_policies": false,
            "id": "maestro-clusterfc-role",
            "inline_policy": [],
            "managed_policy_arns": [
              "arn:aws:iam::aws:policy/AmazonEKSClusterPolicy",
              "arn:aws:iam::aws:policy/AmazonEKSVPCResourceController"
            ],
            "max_session_duration": 3600,
            "name": "maestro-clusterfc-role",
            "name_prefix": "",
            "path": "/",
            "permissions_boundary": "",
            "tags": {},
            "tags_all": {},
            "unique_id": "AROAUIFW5J26ILI3POGMI"
          },
          "sensitive_attributes": [],
          "private": "bnVsbA=="
        }
      ]
    },
    {
      "mode": "managed",
      "type": "aws_iam_role",
      "name": "node",
      "provider": "provider[\"registry.terraform.io/hashicorp/aws\"]",
      "instances": [
        {
          "schema_version": 0,
          "attributes": {
            "arn": "arn:aws:iam::292441378492:role/maestro-clusterfc-node-role",
            "assume_role_policy": "{\"Statement\":[{\"Action\":\"sts:AssumeRole\",\"Effect\":\"Allow\",\"Principal\":{\"Service\":\"ec2.amazonaws.com\"}}],\"Version\":\"2012-10-17\"}",
            "create_date": "2024-05-21T23:07:50Z",
            "description": "",
            "force_detach_policies": false,
            "id": "maestro-clusterfc-node-role",
            "inline_policy": [],
            "managed_policy_arns": [
              "arn:aws:iam::aws:policy/AmazonEC2ContainerRegistryReadOnly",
              "arn:aws:iam::aws:policy/AmazonEKSWorkerNodePolicy",
              "arn:aws:iam::aws:policy/AmazonEKS_CNI_Policy"
            ],
            "max_session_duration": 3600,
            "name": "maestro-clusterfc-node-role",
            "name_prefix": "",
            "path": "/",
            "permissions_boundary": "",
            "tags": {},
            "tags_all": {},
            "unique_id": "AROAUIFW5J26OGEATCCYF"
          },
          "sensitive_attributes": [],
          "private": "bnVsbA=="
        }
      ]
    },
    {
      "mode": "managed",
      "type": "aws_iam_role_policy_attachment",
      "name": "cluster-AmazonEKSClusterPolicy",
      "provider": "provider[\"registry.terraform.io/hashicorp/aws\"]",
      "instances": [
        {
          "schema_version": 0,
          "attributes": {
            "id": "maestro-clusterfc-role-20240521224131742800000001",
            "policy_arn": "arn:aws:iam::aws:policy/AmazonEKSClusterPolicy",
            "role": "maestro-clusterfc-role"
          },
          "sensitive_attributes": [],
          "private": "bnVsbA==",
          "dependencies": [
            "aws_iam_role.cluster"
          ]
        }
      ]
    },
    {
      "mode": "managed",
      "type": "aws_iam_role_policy_attachment",
      "name": "cluster-AmazonEKSVPCResourceController",
      "provider": "provider[\"registry.terraform.io/hashicorp/aws\"]",
      "instances": [
        {
          "schema_version": 0,
          "attributes": {
            "id": "maestro-clusterfc-role-20240521224011933300000001",
            "policy_arn": "arn:aws:iam::aws:policy/AmazonEKSVPCResourceController",
            "role": "maestro-clusterfc-role"
          },
          "sensitive_attributes": [],
          "private": "bnVsbA==",
          "dependencies": [
            "aws_iam_role.cluster"
          ]
        }
      ]
    },
    {
      "mode": "managed",
      "type": "aws_iam_role_policy_attachment",
      "name": "node-AmazonEC2ContainerRegistryReadOnly",
      "provider": "provider[\"registry.terraform.io/hashicorp/aws\"]",
      "instances": [
        {
          "schema_version": 0,
          "attributes": {
            "id": "maestro-clusterfc-node-role-20240521231118792500000002",
            "policy_arn": "arn:aws:iam::aws:policy/AmazonEC2ContainerRegistryReadOnly",
            "role": "maestro-clusterfc-node-role"
          },
          "sensitive_attributes": [],
          "private": "bnVsbA==",
          "dependencies": [
            "aws_iam_role.node"
          ]
        }
      ]
    },
    {
      "mode": "managed",
      "type": "aws_iam_role_policy_attachment",
      "name": "node-AmazonEKSWorkerNodePolicy",
      "provider": "provider[\"registry.terraform.io/hashicorp/aws\"]",
      "instances": [
        {
          "schema_version": 0,
          "attributes": {
            "id": "maestro-clusterfc-node-role-20240521231118751600000001",
            "policy_arn": "arn:aws:iam::aws:policy/AmazonEKSWorkerNodePolicy",
            "role": "maestro-clusterfc-node-role"
          },
          "sensitive_attributes": [],
          "private": "bnVsbA==",
          "dependencies": [
            "aws_iam_role.node"
          ]
        }
      ]
    },
    {
      "mode": "managed",
      "type": "aws_iam_role_policy_attachment",
      "name": "node-AmazonEKS_CNI_Policy",
      "provider": "provider[\"registry.terraform.io/hashicorp/aws\"]",
      "instances": [
        {
          "schema_version": 0,
          "attributes": {
            "id": "maestro-clusterfc-node-role-20240521231118844800000003",
            "policy_arn": "arn:aws:iam::aws:policy/AmazonEKS_CNI_Policy",
            "role": "maestro-clusterfc-node-role"
          },
          "sensitive_attributes": [],
          "private": "bnVsbA==",
          "dependencies": [
            "aws_iam_role.node"
          ]
        }
      ]
    },
    {
      "mode": "managed",
      "type": "aws_internet_gateway",
      "name": "new-igw",
      "provider": "provider[\"registry.terraform.io/hashicorp/aws\"]",
      "instances": [
        {
          "schema_version": 0,
          "attributes": {
            "arn": "arn:aws:ec2:us-east-1:292441378492:internet-gateway/igw-0fb727ea57cd659a8",
            "id": "igw-0fb727ea57cd659a8",
            "owner_id": "292441378492",
            "tags": {
              "Name": "maestro-igw"
            },
            "tags_all": {
              "Name": "maestro-igw"
            },
            "timeouts": null,
            "vpc_id": "vpc-0248a64d1e625b150"
          },
          "sensitive_attributes": [],
          "private": "eyJlMmJmYjczMC1lY2FhLTExZTYtOGY4OC0zNDM2M2JjN2M0YzAiOnsiY3JlYXRlIjoxMjAwMDAwMDAwMDAwLCJkZWxldGUiOjEyMDAwMDAwMDAwMDAsInVwZGF0ZSI6MTIwMDAwMDAwMDAwMH19",
          "dependencies": [
            "aws_vpc.new-vpc"
          ]
        }
      ]
    },
    {
      "mode": "managed",
      "type": "aws_security_group",
      "name": "sg",
      "provider": "provider[\"registry.terraform.io/hashicorp/aws\"]",
      "instances": [
        {
          "schema_version": 1,
          "attributes": {
            "arn": "arn:aws:ec2:us-east-1:292441378492:security-group/sg-002d0682b971077e0",
            "description": "Managed by Terraform",
            "egress": [
              {
                "cidr_blocks": [
                  "0.0.0.0/0"
                ],
                "description": "",
                "from_port": 0,
                "ipv6_cidr_blocks": [],
                "prefix_list_ids": [],
                "protocol": "-1",
                "security_groups": [],
                "self": false,
                "to_port": 0
              }
            ],
            "id": "sg-002d0682b971077e0",
            "ingress": [],
            "name": "terraform-20240521222528682700000001",
            "name_prefix": "terraform-",
            "owner_id": "292441378492",
            "revoke_rules_on_delete": false,
            "tags": {
              "Name": "maestro-sg"
            },
            "tags_all": {
              "Name": "maestro-sg"
            },
            "timeouts": null,
            "vpc_id": "vpc-0248a64d1e625b150"
          },
          "sensitive_attributes": [],
          "private": "eyJlMmJmYjczMC1lY2FhLTExZTYtOGY4OC0zNDM2M2JjN2M0YzAiOnsiY3JlYXRlIjo2MDAwMDAwMDAwMDAsImRlbGV0ZSI6OTAwMDAwMDAwMDAwfSwic2NoZW1hX3ZlcnNpb24iOiIxIn0=",
          "dependencies": [
            "aws_vpc.new-vpc"
          ]
        }
      ]
    },
    {
      "mode": "managed",
      "type": "aws_subnet",
      "name": "subnets",
      "provider": "provider[\"registry.terraform.io/hashicorp/aws\"]",
      "instances": [
        {
          "index_key": 0,
          "schema_version": 1,
          "attributes": {
            "arn": "arn:aws:ec2:us-east-1:292441378492:subnet/subnet-0ae0dbc1c59cd8ced",
            "assign_ipv6_address_on_creation": false,
            "availability_zone": "us-east-1a",
            "availability_zone_id": "use1-az1",
            "cidr_block": "10.0.0.0/24",
            "customer_owned_ipv4_pool": "",
            "enable_dns64": false,
            "enable_lni_at_device_index": 0,
            "enable_resource_name_dns_a_record_on_launch": false,
            "enable_resource_name_dns_aaaa_record_on_launch": false,
            "id": "subnet-0ae0dbc1c59cd8ced",
            "ipv6_cidr_block": "",
            "ipv6_cidr_block_association_id": "",
            "ipv6_native": false,
            "map_customer_owned_ip_on_launch": false,
            "map_public_ip_on_launch": true,
            "outpost_arn": "",
            "owner_id": "292441378492",
            "private_dns_hostname_type_on_launch": "ip-name",
            "tags": {
              "Name": "maestro-subnet-1"
            },
            "tags_all": {
              "Name": "maestro-subnet-1"
            },
            "timeouts": null,
            "vpc_id": "vpc-0248a64d1e625b150"
          },
          "sensitive_attributes": [],
          "private": "eyJlMmJmYjczMC1lY2FhLTExZTYtOGY4OC0zNDM2M2JjN2M0YzAiOnsiY3JlYXRlIjo2MDAwMDAwMDAwMDAsImRlbGV0ZSI6MTIwMDAwMDAwMDAwMH0sInNjaGVtYV92ZXJzaW9uIjoiMSJ9",
          "dependencies": [
            "aws_vpc.new-vpc",
            "data.aws_availability_zones.available"
          ]
        },
        {
          "index_key": 1,
          "schema_version": 1,
          "attributes": {
            "arn": "arn:aws:ec2:us-east-1:292441378492:subnet/subnet-0366020c4f3c7f1c0",
            "assign_ipv6_address_on_creation": false,
            "availability_zone": "us-east-1b",
            "availability_zone_id": "use1-az2",
            "cidr_block": "10.0.1.0/24",
            "customer_owned_ipv4_pool": "",
            "enable_dns64": false,
            "enable_lni_at_device_index": 0,
            "enable_resource_name_dns_a_record_on_launch": false,
            "enable_resource_name_dns_aaaa_record_on_launch": false,
            "id": "subnet-0366020c4f3c7f1c0",
            "ipv6_cidr_block": "",
            "ipv6_cidr_block_association_id": "",
            "ipv6_native": false,
            "map_customer_owned_ip_on_launch": false,
            "map_public_ip_on_launch": true,
            "outpost_arn": "",
            "owner_id": "292441378492",
            "private_dns_hostname_type_on_launch": "ip-name",
            "tags": {
              "Name": "maestro-subnet-2"
            },
            "tags_all": {
              "Name": "maestro-subnet-2"
            },
            "timeouts": null,
            "vpc_id": "vpc-0248a64d1e625b150"
          },
          "sensitive_attributes": [],
          "private": "eyJlMmJmYjczMC1lY2FhLTExZTYtOGY4OC0zNDM2M2JjN2M0YzAiOnsiY3JlYXRlIjo2MDAwMDAwMDAwMDAsImRlbGV0ZSI6MTIwMDAwMDAwMDAwMH0sInNjaGVtYV92ZXJzaW9uIjoiMSJ9",
          "dependencies": [
            "aws_vpc.new-vpc",
            "data.aws_availability_zones.available"
          ]
        }
      ]
    },
    {
      "mode": "managed",
      "type": "aws_vpc",
      "name": "new-vpc",
      "provider": "provider[\"registry.terraform.io/hashicorp/aws\"]",
      "instances": [
        {
          "schema_version": 1,
          "attributes": {
            "arn": "arn:aws:ec2:us-east-1:292441378492:vpc/vpc-0248a64d1e625b150",
            "assign_generated_ipv6_cidr_block": false,
            "cidr_block": "10.0.0.0/16",
            "default_network_acl_id": "acl-0aff968561c3449d7",
            "default_route_table_id": "rtb-0dae18ead17414314",
            "default_security_group_id": "sg-0b7ab9f2b8be34c3a",
            "dhcp_options_id": "dopt-070db1ed5e886633a",
            "enable_dns_hostnames": false,
            "enable_dns_support": true,
            "enable_network_address_usage_metrics": false,
            "id": "vpc-0248a64d1e625b150",
            "instance_tenancy": "default",
            "ipv4_ipam_pool_id": null,
            "ipv4_netmask_length": null,
            "ipv6_association_id": "",
            "ipv6_cidr_block": "",
            "ipv6_cidr_block_network_border_group": "",
            "ipv6_ipam_pool_id": "",
            "ipv6_netmask_length": 0,
            "main_route_table_id": "rtb-0dae18ead17414314",
            "owner_id": "292441378492",
            "tags": {
              "Name": "maestro-vpc"
            },
            "tags_all": {
              "Name": "maestro-vpc"
            }
          },
          "sensitive_attributes": [],
          "private": "eyJzY2hlbWFfdmVyc2lvbiI6IjEifQ=="
        }
      ]
    }
  ],
  "check_results": null
}
