{
  "version": 4,
  "terraform_version": "1.5.7",
  "serial": 21,
  "lineage": "c196e04a-bf1d-860e-9553-53a905eb1982",
  "outputs": {
    "content": {
      "value": "vindo do tf vars 1",
      "type": "string"
    },
    "file_id": {
      "value": "69a0181c71cbdbccad660255c853a660aa8aa9bb",
      "type": "string"
    }
  },
  "resources": [
    {
      "mode": "managed",
      "type": "local_file",
      "name": "exemplo",
      "provider": "provider[\"registry.terraform.io/hashicorp/local\"]",
      "instances": [
        {
          "schema_version": 0,
          "attributes": {
            "content": "vindo do tf vars 1",
            "content_base64": null,
            "content_base64sha256": "fGGEvgHJABdeeIgUvNaYoAqMKMojtyfEXngPtIhh9cI=",
            "content_base64sha512": "wGpc2GLXtkfGNFIPzbtoM+6/BR4VOX3QDKnmanz1cZhNr10Ky3yvuNkR7qYqviT8F+VYfoMv7F8nfUoo16icKQ==",
            "content_md5": "01f9a8be8853e0765effe5120e4e3b4c",
            "content_sha1": "69a0181c71cbdbccad660255c853a660aa8aa9bb",
            "content_sha256": "7c6184be01c900175e788814bcd698a00a8c28ca23b727c45e780fb48861f5c2",
            "content_sha512": "c06a5cd862d7b647c634520fcdbb6833eebf051e15397dd00ca9e66a7cf571984daf5d0acb7cafb8d911eea62abe24fc17e5587e832fec5f277d4a28d7a89c29",
            "directory_permission": "0777",
            "file_permission": "0777",
            "filename": "example.txt",
            "id": "69a0181c71cbdbccad660255c853a660aa8aa9bb",
            "sensitive_content": null,
            "source": null
          },
          "sensitive_attributes": []
        }
      ]
    }
  ],
  "check_results": null
}
